
Microsoft Visual Studio Solution File, Format Version 12.00
# Visual Studio Version 16
VisualStudioVersion = 16.0.32901.82
MinimumVisualStudioVersion = 10.0.40219.1
Project("{FAE04EC0-301F-11D3-BF4B-00C04F79EFBC}") = "FundamentosCSHARP", "FundamentosCSHARP\FundamentosCSHARP.csproj", "{F792A35A-3EE3-4190-B110-EA24E686A63E}"
EndProject
Global
	GlobalSection(SolutionConfigurationPlatforms) = preSolution
		Debug|Any CPU = Debug|Any CPU
		Release|Any CPU = Release|Any CPU
	EndGlobalSection
	GlobalSection(ProjectConfigurationPlatforms) = postSolution
		{F792A35A-3EE3-4190-B110-EA24E686A63E}.Debug|Any CPU.ActiveCfg = Debug|Any CPU
		{F792A35A-3EE3-4190-B110-EA24E686A63E}.Debug|Any CPU.Build.0 = Debug|Any CPU
		{F792A35A-3EE3-4190-B110-EA24E686A63E}.Release|Any CPU.ActiveCfg = Release|Any CPU
		{F792A35A-3EE3-4190-B110-EA24E686A63E}.Release|Any CPU.Build.0 = Release|Any CPU
	EndGlobalSection
	GlobalSection(SolutionProperties) = preSolution
		HideSolutionNode = FALSE
	EndGlobalSection
	GlobalSection(ExtensibilityGlobals) = postSolution
		SolutionGuid = {1030C620-5EAA-44BE-A539-458859057A8F}
	EndGlobalSection
EndGlobal
